
Microsoft Visual Studio Solution File, Format Version 12.00
# Visual Studio Version 17
VisualStudioVersion = 17.4.33122.133
MinimumVisualStudioVersion = 10.0.40219.1
Project("{FAE04EC0-301F-11D3-BF4B-00C04F79EFBC}") = "BuberDinner.Api", "BuberDinner.Api\BuberDinner.Api.csproj", "{31884285-31CB-43E2-B3D6-9D38C3A6756F}"
EndProject
Project("{FAE04EC0-301F-11D3-BF4B-00C04F79EFBC}") = "BuberDinner.Contracts", "BuberDinner.Contracts\BuberDinner.Contracts.csproj", "{7EFAA849-553D-45EA-9B7E-365480A803A4}"
EndProject
Project("{FAE04EC0-301F-11D3-BF4B-00C04F79EFBC}") = "BuberDinner.Infrastructure", "BuberDinner.Infrastructure\BuberDinner.Infrastructure.csproj", "{21329A24-7D50-47BF-8DB1-12EEF1E22968}"
EndProject
Project("{FAE04EC0-301F-11D3-BF4B-00C04F79EFBC}") = "BuberDinner.Application", "BuberDinner.Application\BuberDinner.Application.csproj", "{C43DA204-3B45-40D1-9B1E-32DDD4FB7CA7}"
EndProject
Project("{FAE04EC0-301F-11D3-BF4B-00C04F79EFBC}") = "BuberDinner.Domain", "BuberDinner.Domain\BuberDinner.Domain.csproj", "{287CE0F7-0838-4A03-8B2C-28869C3178C6}"
EndProject
Project("{2150E333-8FDC-42A3-9474-1A3956D46DE8}") = "ソリューション項目", "ソリューション項目", "{CFF58B5C-4038-4B49-B7EA-F7D38CDA7AB3}"
	ProjectSection(SolutionItems) = preProject
		ReadMe.md = ReadMe.md
	EndProjectSection
EndProject
Global
	GlobalSection(SolutionConfigurationPlatforms) = preSolution
		Debug|Any CPU = Debug|Any CPU
		Release|Any CPU = Release|Any CPU
	EndGlobalSection
	GlobalSection(ProjectConfigurationPlatforms) = postSolution
		{31884285-31CB-43E2-B3D6-9D38C3A6756F}.Debug|Any CPU.ActiveCfg = Debug|Any CPU
		{31884285-31CB-43E2-B3D6-9D38C3A6756F}.Debug|Any CPU.Build.0 = Debug|Any CPU
		{31884285-31CB-43E2-B3D6-9D38C3A6756F}.Release|Any CPU.ActiveCfg = Release|Any CPU
		{31884285-31CB-43E2-B3D6-9D38C3A6756F}.Release|Any CPU.Build.0 = Release|Any CPU
		{7EFAA849-553D-45EA-9B7E-365480A803A4}.Debug|Any CPU.ActiveCfg = Debug|Any CPU
		{7EFAA849-553D-45EA-9B7E-365480A803A4}.Debug|Any CPU.Build.0 = Debug|Any CPU
		{7EFAA849-553D-45EA-9B7E-365480A803A4}.Release|Any CPU.ActiveCfg = Release|Any CPU
		{7EFAA849-553D-45EA-9B7E-365480A803A4}.Release|Any CPU.Build.0 = Release|Any CPU
		{21329A24-7D50-47BF-8DB1-12EEF1E22968}.Debug|Any CPU.ActiveCfg = Debug|Any CPU
		{21329A24-7D50-47BF-8DB1-12EEF1E22968}.Debug|Any CPU.Build.0 = Debug|Any CPU
		{21329A24-7D50-47BF-8DB1-12EEF1E22968}.Release|Any CPU.ActiveCfg = Release|Any CPU
		{21329A24-7D50-47BF-8DB1-12EEF1E22968}.Release|Any CPU.Build.0 = Release|Any CPU
		{C43DA204-3B45-40D1-9B1E-32DDD4FB7CA7}.Debug|Any CPU.ActiveCfg = Debug|Any CPU
		{C43DA204-3B45-40D1-9B1E-32DDD4FB7CA7}.Debug|Any CPU.Build.0 = Debug|Any CPU
		{C43DA204-3B45-40D1-9B1E-32DDD4FB7CA7}.Release|Any CPU.ActiveCfg = Release|Any CPU
		{C43DA204-3B45-40D1-9B1E-32DDD4FB7CA7}.Release|Any CPU.Build.0 = Release|Any CPU
		{287CE0F7-0838-4A03-8B2C-28869C3178C6}.Debug|Any CPU.ActiveCfg = Debug|Any CPU
		{287CE0F7-0838-4A03-8B2C-28869C3178C6}.Debug|Any CPU.Build.0 = Debug|Any CPU
		{287CE0F7-0838-4A03-8B2C-28869C3178C6}.Release|Any CPU.ActiveCfg = Release|Any CPU
		{287CE0F7-0838-4A03-8B2C-28869C3178C6}.Release|Any CPU.Build.0 = Release|Any CPU
	EndGlobalSection
	GlobalSection(SolutionProperties) = preSolution
		HideSolutionNode = FALSE
	EndGlobalSection
	GlobalSection(ExtensibilityGlobals) = postSolution
		SolutionGuid = {42291D0A-FD81-4D73-9875-A9C17B128C7B}
	EndGlobalSection
EndGlobal
